
Microsoft Visual Studio Solution File, Format Version 12.00
# Visual Studio Version 17
VisualStudioVersion = 17.8.34330.188
MinimumVisualStudioVersion = 10.0.40219.1
Project("{FAE04EC0-301F-11D3-BF4B-00C04F79EFBC}") = "ComputerClub", "ComputerClub\ComputerClub.csproj", "{932E7A6C-BF98-486D-89F2-29C768A61D96}"
EndProject
Global
	GlobalSection(SolutionConfigurationPlatforms) = preSolution
		Debug|Any CPU = Debug|Any CPU
		Release|Any CPU = Release|Any CPU
	EndGlobalSection
	GlobalSection(ProjectConfigurationPlatforms) = postSolution
		{932E7A6C-BF98-486D-89F2-29C768A61D96}.Debug|Any CPU.ActiveCfg = Debug|Any CPU
		{932E7A6C-BF98-486D-89F2-29C768A61D96}.Debug|Any CPU.Build.0 = Debug|Any CPU
		{932E7A6C-BF98-486D-89F2-29C768A61D96}.Release|Any CPU.ActiveCfg = Release|Any CPU
		{932E7A6C-BF98-486D-89F2-29C768A61D96}.Release|Any CPU.Build.0 = Release|Any CPU
	EndGlobalSection
	GlobalSection(SolutionProperties) = preSolution
		HideSolutionNode = FALSE
	EndGlobalSection
	GlobalSection(ExtensibilityGlobals) = postSolution
		SolutionGuid = {C19D720B-82EC-4607-B855-4F2C786335F7}
	EndGlobalSection
EndGlobal
